
Microsoft Visual Studio Solution File, Format Version 12.00
# Visual Studio Version 17
VisualStudioVersion = 17.3.32804.467
MinimumVisualStudioVersion = 10.0.40219.1
Project("{FAE04EC0-301F-11D3-BF4B-00C04F79EFBC}") = "oct18_login", "oct18_login\oct18_login.csproj", "{49C318C2-9892-42B4-9598-BD341D02DEC8}"
EndProject
Global
	GlobalSection(SolutionConfigurationPlatforms) = preSolution
		Debug|Any CPU = Debug|Any CPU
		Release|Any CPU = Release|Any CPU
	EndGlobalSection
	GlobalSection(ProjectConfigurationPlatforms) = postSolution
		{49C318C2-9892-42B4-9598-BD341D02DEC8}.Debug|Any CPU.ActiveCfg = Debug|Any CPU
		{49C318C2-9892-42B4-9598-BD341D02DEC8}.Debug|Any CPU.Build.0 = Debug|Any CPU
		{49C318C2-9892-42B4-9598-BD341D02DEC8}.Release|Any CPU.ActiveCfg = Release|Any CPU
		{49C318C2-9892-42B4-9598-BD341D02DEC8}.Release|Any CPU.Build.0 = Release|Any CPU
	EndGlobalSection
	GlobalSection(SolutionProperties) = preSolution
		HideSolutionNode = FALSE
	EndGlobalSection
	GlobalSection(ExtensibilityGlobals) = postSolution
		SolutionGuid = {5466D37C-706A-43D0-9277-33C3DC702B83}
	EndGlobalSection
EndGlobal
