
Microsoft Visual Studio Solution File, Format Version 12.00
# Visual Studio Version 17
VisualStudioVersion = 17.3.32804.467
MinimumVisualStudioVersion = 10.0.40219.1
Project("{FAE04EC0-301F-11D3-BF4B-00C04F79EFBC}") = "sep29modelfirstdemo", "sep29modelfirstdemo\sep29modelfirstdemo.csproj", "{BF237AA9-DD2E-4D53-A006-46784607F454}"
EndProject
Project("{FAE04EC0-301F-11D3-BF4B-00C04F79EFBC}") = "BLL_library", "BLL_library\BLL_library.csproj", "{47E0CDE8-1067-4049-9E41-1EF44C905B5C}"
EndProject
Project("{FAE04EC0-301F-11D3-BF4B-00C04F79EFBC}") = "DAL_library", "DAL_library\DAL_library.csproj", "{FB57FC13-3786-4722-8FA2-9B37DDE924CF}"
EndProject
Global
	GlobalSection(SolutionConfigurationPlatforms) = preSolution
		Debug|Any CPU = Debug|Any CPU
		Release|Any CPU = Release|Any CPU
	EndGlobalSection
	GlobalSection(ProjectConfigurationPlatforms) = postSolution
		{BF237AA9-DD2E-4D53-A006-46784607F454}.Debug|Any CPU.ActiveCfg = Debug|Any CPU
		{BF237AA9-DD2E-4D53-A006-46784607F454}.Debug|Any CPU.Build.0 = Debug|Any CPU
		{BF237AA9-DD2E-4D53-A006-46784607F454}.Release|Any CPU.ActiveCfg = Release|Any CPU
		{BF237AA9-DD2E-4D53-A006-46784607F454}.Release|Any CPU.Build.0 = Release|Any CPU
		{47E0CDE8-1067-4049-9E41-1EF44C905B5C}.Debug|Any CPU.ActiveCfg = Debug|Any CPU
		{47E0CDE8-1067-4049-9E41-1EF44C905B5C}.Debug|Any CPU.Build.0 = Debug|Any CPU
		{47E0CDE8-1067-4049-9E41-1EF44C905B5C}.Release|Any CPU.ActiveCfg = Release|Any CPU
		{47E0CDE8-1067-4049-9E41-1EF44C905B5C}.Release|Any CPU.Build.0 = Release|Any CPU
		{FB57FC13-3786-4722-8FA2-9B37DDE924CF}.Debug|Any CPU.ActiveCfg = Debug|Any CPU
		{FB57FC13-3786-4722-8FA2-9B37DDE924CF}.Debug|Any CPU.Build.0 = Debug|Any CPU
		{FB57FC13-3786-4722-8FA2-9B37DDE924CF}.Release|Any CPU.ActiveCfg = Release|Any CPU
		{FB57FC13-3786-4722-8FA2-9B37DDE924CF}.Release|Any CPU.Build.0 = Release|Any CPU
	EndGlobalSection
	GlobalSection(SolutionProperties) = preSolution
		HideSolutionNode = FALSE
	EndGlobalSection
	GlobalSection(ExtensibilityGlobals) = postSolution
		SolutionGuid = {6C81AE6A-E254-47AD-B020-E034A6A9BCA8}
	EndGlobalSection
EndGlobal
