
Microsoft Visual Studio Solution File, Format Version 12.00
# Visual Studio Version 17
VisualStudioVersion = 17.3.32804.467
MinimumVisualStudioVersion = 10.0.40219.1
Project("{FAE04EC0-301F-11D3-BF4B-00C04F79EFBC}") = "oct7", "oct7\oct7.csproj", "{52FACA02-35B0-4D59-8CE6-D789DB34E3F3}"
	ProjectSection(ProjectDependencies) = postProject
		{C3D34FFE-3A74-4A0A-B960-780228872ABB} = {C3D34FFE-3A74-4A0A-B960-780228872ABB}
		{C9C27920-7957-4D7A-A22E-D830E777AF52} = {C9C27920-7957-4D7A-A22E-D830E777AF52}
	EndProjectSection
EndProject
Project("{FAE04EC0-301F-11D3-BF4B-00C04F79EFBC}") = "BusinessLogicLayerLibrary", "BusinessLogicLayerLibrary\BusinessLogicLayerLibrary.csproj", "{C9C27920-7957-4D7A-A22E-D830E777AF52}"
EndProject
Project("{FAE04EC0-301F-11D3-BF4B-00C04F79EFBC}") = "DataAccessLayerLibrary", "DataAccessLayerLibrary\DataAccessLayerLibrary.csproj", "{546F1F61-F584-4C3B-B069-2014BD7E8F3D}"
	ProjectSection(ProjectDependencies) = postProject
		{C9C27920-7957-4D7A-A22E-D830E777AF52} = {C9C27920-7957-4D7A-A22E-D830E777AF52}
	EndProjectSection
EndProject
Project("{FAE04EC0-301F-11D3-BF4B-00C04F79EFBC}") = "HelperLibrary", "HelperLibrary\HelperLibrary.csproj", "{C3D34FFE-3A74-4A0A-B960-780228872ABB}"
	ProjectSection(ProjectDependencies) = postProject
		{546F1F61-F584-4C3B-B069-2014BD7E8F3D} = {546F1F61-F584-4C3B-B069-2014BD7E8F3D}
		{C9C27920-7957-4D7A-A22E-D830E777AF52} = {C9C27920-7957-4D7A-A22E-D830E777AF52}
	EndProjectSection
EndProject
Global
	GlobalSection(SolutionConfigurationPlatforms) = preSolution
		Debug|Any CPU = Debug|Any CPU
		Release|Any CPU = Release|Any CPU
	EndGlobalSection
	GlobalSection(ProjectConfigurationPlatforms) = postSolution
		{52FACA02-35B0-4D59-8CE6-D789DB34E3F3}.Debug|Any CPU.ActiveCfg = Debug|Any CPU
		{52FACA02-35B0-4D59-8CE6-D789DB34E3F3}.Debug|Any CPU.Build.0 = Debug|Any CPU
		{52FACA02-35B0-4D59-8CE6-D789DB34E3F3}.Release|Any CPU.ActiveCfg = Release|Any CPU
		{52FACA02-35B0-4D59-8CE6-D789DB34E3F3}.Release|Any CPU.Build.0 = Release|Any CPU
		{C9C27920-7957-4D7A-A22E-D830E777AF52}.Debug|Any CPU.ActiveCfg = Debug|Any CPU
		{C9C27920-7957-4D7A-A22E-D830E777AF52}.Debug|Any CPU.Build.0 = Debug|Any CPU
		{C9C27920-7957-4D7A-A22E-D830E777AF52}.Release|Any CPU.ActiveCfg = Release|Any CPU
		{C9C27920-7957-4D7A-A22E-D830E777AF52}.Release|Any CPU.Build.0 = Release|Any CPU
		{546F1F61-F584-4C3B-B069-2014BD7E8F3D}.Debug|Any CPU.ActiveCfg = Debug|Any CPU
		{546F1F61-F584-4C3B-B069-2014BD7E8F3D}.Debug|Any CPU.Build.0 = Debug|Any CPU
		{546F1F61-F584-4C3B-B069-2014BD7E8F3D}.Release|Any CPU.ActiveCfg = Release|Any CPU
		{546F1F61-F584-4C3B-B069-2014BD7E8F3D}.Release|Any CPU.Build.0 = Release|Any CPU
		{C3D34FFE-3A74-4A0A-B960-780228872ABB}.Debug|Any CPU.ActiveCfg = Debug|Any CPU
		{C3D34FFE-3A74-4A0A-B960-780228872ABB}.Debug|Any CPU.Build.0 = Debug|Any CPU
		{C3D34FFE-3A74-4A0A-B960-780228872ABB}.Release|Any CPU.ActiveCfg = Release|Any CPU
		{C3D34FFE-3A74-4A0A-B960-780228872ABB}.Release|Any CPU.Build.0 = Release|Any CPU
	EndGlobalSection
	GlobalSection(SolutionProperties) = preSolution
		HideSolutionNode = FALSE
	EndGlobalSection
	GlobalSection(ExtensibilityGlobals) = postSolution
		SolutionGuid = {9E58A551-E147-4A98-BB66-DA84516EFCA0}
	EndGlobalSection
EndGlobal
